
Microsoft Visual Studio Solution File, Format Version 12.00
# Visual Studio Version 17
VisualStudioVersion = 17.2.32616.157
MinimumVisualStudioVersion = 10.0.40219.1
Project("{9A19103F-16F7-4668-BE54-9A1E7A4F7556}") = "Travel", "Travel.csproj", "{CC59D533-FCF9-4E15-8668-3E0FCBD14B87}"
EndProject
Global
	GlobalSection(SolutionConfigurationPlatforms) = preSolution
		Debug|Any CPU = Debug|Any CPU
		Debug-Xml|Any CPU = Debug-Xml|Any CPU
		Release|Any CPU = Release|Any CPU
		Release-Xml|Any CPU = Release-Xml|Any CPU
	EndGlobalSection
	GlobalSection(ProjectConfigurationPlatforms) = postSolution
		{CC59D533-FCF9-4E15-8668-3E0FCBD14B87}.Debug|Any CPU.ActiveCfg = Debug|Any CPU
		{CC59D533-FCF9-4E15-8668-3E0FCBD14B87}.Debug|Any CPU.Build.0 = Debug|Any CPU
		{CC59D533-FCF9-4E15-8668-3E0FCBD14B87}.Debug-Xml|Any CPU.ActiveCfg = Debug|Any CPU
		{CC59D533-FCF9-4E15-8668-3E0FCBD14B87}.Debug-Xml|Any CPU.Build.0 = Debug|Any CPU
		{CC59D533-FCF9-4E15-8668-3E0FCBD14B87}.Release|Any CPU.ActiveCfg = Release|Any CPU
		{CC59D533-FCF9-4E15-8668-3E0FCBD14B87}.Release|Any CPU.Build.0 = Release|Any CPU
		{CC59D533-FCF9-4E15-8668-3E0FCBD14B87}.Release-Xml|Any CPU.ActiveCfg = Release|Any CPU
		{CC59D533-FCF9-4E15-8668-3E0FCBD14B87}.Release-Xml|Any CPU.Build.0 = Release|Any CPU
	EndGlobalSection
	GlobalSection(SolutionProperties) = preSolution
		HideSolutionNode = FALSE
	EndGlobalSection
	GlobalSection(ExtensibilityGlobals) = postSolution
		SolutionGuid = {CE8017B8-9DD8-4F80-9476-5A98A58D9073}
	EndGlobalSection
EndGlobal
